
Microsoft Visual Studio Solution File, Format Version 12.00
# Visual Studio Version 16
VisualStudioVersion = 16.0.30204.135
MinimumVisualStudioVersion = 10.0.40219.1
Project("{FAE04EC0-301F-11D3-BF4B-00C04F79EFBC}") = "test", "test.csproj", "{6D9A4180-6461-46A4-B28E-70B040B68F2B}"
EndProject
Global
	GlobalSection(SolutionConfigurationPlatforms) = preSolution
		Debug|Any CPU = Debug|Any CPU
		Release|Any CPU = Release|Any CPU
	EndGlobalSection
	GlobalSection(ProjectConfigurationPlatforms) = postSolution
		{6D9A4180-6461-46A4-B28E-70B040B68F2B}.Debug|Any CPU.ActiveCfg = Debug|Any CPU
		{6D9A4180-6461-46A4-B28E-70B040B68F2B}.Debug|Any CPU.Build.0 = Debug|Any CPU
		{6D9A4180-6461-46A4-B28E-70B040B68F2B}.Release|Any CPU.ActiveCfg = Release|Any CPU
		{6D9A4180-6461-46A4-B28E-70B040B68F2B}.Release|Any CPU.Build.0 = Release|Any CPU
	EndGlobalSection
	GlobalSection(SolutionProperties) = preSolution
		HideSolutionNode = FALSE
	EndGlobalSection
	GlobalSection(ExtensibilityGlobals) = postSolution
		SolutionGuid = {DCD3BD9C-2D30-4F9E-ABF3-6D408A5E6E4F}
	EndGlobalSection
EndGlobal
